Microsoft Visual Studio Solution File, Format Version 11.00
# Visual Studio 2008

Project("{82C977D8-A46C-A156-5EC8-DA19C0AB0789}") = "AttackOnGit", "Assembly-CSharp.csproj", "{3C01B659-B68C-9F69-C337-BD0E5447DBB4}"
EndProject
Project("{82C977D8-A46C-A156-5EC8-DA19C0AB0789}") = "AttackOnGit", "Assembly-CSharp-Editor.csproj", "{8A616F83-434F-9003-0EDD-3A6D66332F1F}"
EndProject
Global
	GlobalSection(SolutionConfigurationPlatforms) = preSolution
		Debug|Any CPU = Debug|Any CPU
		Release|Any CPU = Release|Any CPU
	EndGlobalSection
	GlobalSection(ProjectConfigurationPlatforms) = postSolution
		{3C01B659-B68C-9F69-C337-BD0E5447DBB4}.Debug|Any CPU.ActiveCfg = Debug|Any CPU
		{3C01B659-B68C-9F69-C337-BD0E5447DBB4}.Debug|Any CPU.Build.0 = Debug|Any CPU
		{3C01B659-B68C-9F69-C337-BD0E5447DBB4}.Release|Any CPU.ActiveCfg = Release|Any CPU
		{3C01B659-B68C-9F69-C337-BD0E5447DBB4}.Release|Any CPU.Build.0 = Release|Any CPU
		{8A616F83-434F-9003-0EDD-3A6D66332F1F}.Debug|Any CPU.ActiveCfg = Debug|Any CPU
		{8A616F83-434F-9003-0EDD-3A6D66332F1F}.Debug|Any CPU.Build.0 = Debug|Any CPU
		{8A616F83-434F-9003-0EDD-3A6D66332F1F}.Release|Any CPU.ActiveCfg = Release|Any CPU
		{8A616F83-434F-9003-0EDD-3A6D66332F1F}.Release|Any CPU.Build.0 = Release|Any CPU
	EndGlobalSection
	GlobalSection(SolutionProperties) = preSolution
		HideSolutionNode = FALSE
	EndGlobalSection
	GlobalSection(MonoDevelopProperties) = preSolution
		StartupItem = Assembly-CSharp.csproj
	EndGlobalSection
EndGlobal
