
Microsoft Visual Studio Solution File, Format Version 12.00
# Visual Studio 2015
Project("{FAE04EC0-301F-11D3-BF4B-00C04F79EFBC}") = "Attack on Tritan", "Attack on Tritan.csproj", "{B379F5B5-B534-0B0B-4844-1A4C0DF371CC}"
EndProject
Project("{FAE04EC0-301F-11D3-BF4B-00C04F79EFBC}") = "Attack on Tritan.Editor", "Attack on Tritan.Editor.csproj", "{ADBC9C31-E258-BA16-C0E0-810230E5BA83}"
EndProject
Global
	GlobalSection(SolutionConfigurationPlatforms) = preSolution
		Debug|Any CPU = Debug|Any CPU
		Release|Any CPU = Release|Any CPU
	EndGlobalSection
	GlobalSection(ProjectConfigurationPlatforms) = postSolution
		{B379F5B5-B534-0B0B-4844-1A4C0DF371CC}.Debug|Any CPU.ActiveCfg = Debug|Any CPU
		{B379F5B5-B534-0B0B-4844-1A4C0DF371CC}.Debug|Any CPU.Build.0 = Debug|Any CPU
		{B379F5B5-B534-0B0B-4844-1A4C0DF371CC}.Release|Any CPU.ActiveCfg = Release|Any CPU
		{B379F5B5-B534-0B0B-4844-1A4C0DF371CC}.Release|Any CPU.Build.0 = Release|Any CPU
		{ADBC9C31-E258-BA16-C0E0-810230E5BA83}.Debug|Any CPU.ActiveCfg = Debug|Any CPU
		{ADBC9C31-E258-BA16-C0E0-810230E5BA83}.Debug|Any CPU.Build.0 = Debug|Any CPU
		{ADBC9C31-E258-BA16-C0E0-810230E5BA83}.Release|Any CPU.ActiveCfg = Release|Any CPU
		{ADBC9C31-E258-BA16-C0E0-810230E5BA83}.Release|Any CPU.Build.0 = Release|Any CPU
	EndGlobalSection
	GlobalSection(SolutionProperties) = preSolution
		HideSolutionNode = FALSE
	EndGlobalSection
EndGlobal
